{
  "name": "mapping-hindutva-fc4ceabf2a51ede1a582bf9e992d4c48ac7de245",
  "version": "1.0.0",
  "lockfileVersion": 3,
  "requires": true,
  "packages": {
    "": {
      "name": "mapping-hindutva-fc4ceabf2a51ede1a582bf9e992d4c48ac7de245",
      "version": "1.0.0",
      "license": "ISC"
    }
  }
}
